// !$*UTF8*$!
{
	archiveVersion = 1;
	classes = {
	};
	objectVersion = 46;
	objects = {

/* Begin PBXBuildFile section */
		A972F9538DA337E4D7855B26 /* Pods_MercadoPago.framework in Frameworks */ = {isa = PBXBuildFile; fileRef = F1AF91B459E57159F6CCF969 /* Pods_MercadoPago.framework */; };
		C1075A551CC53F9D009D8253 /* NavItemTitle.swift in Sources */ = {isa = PBXBuildFile; fileRef = C1075A541CC53F9D009D8253 /* NavItemTitle.swift */; };
		C170568F1CC163990050C7E6 /* Bancos.swift in Sources */ = {isa = PBXBuildFile; fileRef = C170568E1CC163990050C7E6 /* Bancos.swift */; };
		C17056911CC164F10050C7E6 /* Banco.swift in Sources */ = {isa = PBXBuildFile; fileRef = C17056901CC164F10050C7E6 /* Banco.swift */; };
		C17056931CC16FF80050C7E6 /* Cuotas.swift in Sources */ = {isa = PBXBuildFile; fileRef = C17056921CC16FF80050C7E6 /* Cuotas.swift */; };
		C1851D5D1CC4216E00FA686A /* CuotaModel.swift in Sources */ = {isa = PBXBuildFile; fileRef = C1851D5C1CC4216E00FA686A /* CuotaModel.swift */; };
		C1CE552E1CC1530100C2D1A2 /* MetodosDePago.swift in Sources */ = {isa = PBXBuildFile; fileRef = C1CE552D1CC1530100C2D1A2 /* MetodosDePago.swift */; };
		C1CE55301CC153BF00C2D1A2 /* MetodosDePagoCell.swift in Sources */ = {isa = PBXBuildFile; fileRef = C1CE552F1CC153BF00C2D1A2 /* MetodosDePagoCell.swift */; };
		C1DC214A1CBFDE9800F16FC0 /* AppDelegate.swift in Sources */ = {isa = PBXBuildFile; fileRef = C1DC21491CBFDE9800F16FC0 /* AppDelegate.swift */; };
		C1DC214C1CBFDE9800F16FC0 /* ViewController.swift in Sources */ = {isa = PBXBuildFile; fileRef = C1DC214B1CBFDE9800F16FC0 /* ViewController.swift */; };
		C1DC214F1CBFDE9800F16FC0 /* Main.storyboard in Resources */ = {isa = PBXBuildFile; fileRef = C1DC214D1CBFDE9800F16FC0 /* Main.storyboard */; };
		C1DC21511CBFDE9800F16FC0 /* Assets.xcassets in Resources */ = {isa = PBXBuildFile; fileRef = C1DC21501CBFDE9800F16FC0 /* Assets.xcassets */; };
		C1DC21541CBFDE9800F16FC0 /* LaunchScreen.storyboard in Resources */ = {isa = PBXBuildFile; fileRef = C1DC21521CBFDE9800F16FC0 /* LaunchScreen.storyboard */; };
		C1DC21601CBFE2F600F16FC0 /* LoadingAnimations.swift in Sources */ = {isa = PBXBuildFile; fileRef = C1DC215F1CBFE2F600F16FC0 /* LoadingAnimations.swift */; };
		C1DC21671CBFEF6900F16FC0 /* OpenSans-CondLight.ttf in Resources */ = {isa = PBXBuildFile; fileRef = C1DC21651CBFEF6900F16FC0 /* OpenSans-CondLight.ttf */; };
		C1DC21681CBFEF6900F16FC0 /* OpenSans-CondBold.ttf in Resources */ = {isa = PBXBuildFile; fileRef = C1DC21661CBFEF6900F16FC0 /* OpenSans-CondBold.ttf */; };
		C1DC216B1CC00E3500F16FC0 /* AlertViews.swift in Sources */ = {isa = PBXBuildFile; fileRef = C1DC216A1CC00E3500F16FC0 /* AlertViews.swift */; };
		C1DC216F1CC011A900F16FC0 /* Connection.swift in Sources */ = {isa = PBXBuildFile; fileRef = C1DC216E1CC011A900F16FC0 /* Connection.swift */; };
		C1DC21721CC0149D00F16FC0 /* apiEndpoints.swift in Sources */ = {isa = PBXBuildFile; fileRef = C1DC21711CC0149D00F16FC0 /* apiEndpoints.swift */; };
		C1DC21751CC0262200F16FC0 /* PaymentMethod.swift in Sources */ = {isa = PBXBuildFile; fileRef = C1DC21741CC0262200F16FC0 /* PaymentMethod.swift */; };
		C1E6088D1CC5D3D5004B2201 /* MessageModel.swift in Sources */ = {isa = PBXBuildFile; fileRef = C1E6088C1CC5D3D5004B2201 /* MessageModel.swift */; };
/* End PBXBuildFile section */

/* Begin PBXFileReference section */
		24A3EBBE6BE61FBDCC421161 /* Pods-MercadoPago.release.xcconfig */ = {isa = PBXFileReference; includeInIndex = 1; lastKnownFileType = text.xcconfig; name = "Pods-MercadoPago.release.xcconfig"; path = "Pods/Target Support Files/Pods-MercadoPago/Pods-MercadoPago.release.xcconfig"; sourceTree = "<group>"; };
		674EA8F521931007454E1E99 /* Pods-MercadoPago.debug.xcconfig */ = {isa = PBXFileReference; includeInIndex = 1; lastKnownFileType = text.xcconfig; name = "Pods-MercadoPago.debug.xcconfig"; path = "Pods/Target Support Files/Pods-MercadoPago/Pods-MercadoPago.debug.xcconfig"; sourceTree = "<group>"; };
		C1075A541CC53F9D009D8253 /* NavItemTitle.swift */ = {isa = PBXFileReference; fileEncoding = 4; lastKnownFileType = sourcecode.swift; path = NavItemTitle.swift; sourceTree = "<group>"; };
		C170568E1CC163990050C7E6 /* Bancos.swift */ = {isa = PBXFileReference; fileEncoding = 4; lastKnownFileType = sourcecode.swift; path = Bancos.swift; sourceTree = "<group>"; };
		C17056901CC164F10050C7E6 /* Banco.swift */ = {isa = PBXFileReference; fileEncoding = 4; lastKnownFileType = sourcecode.swift; path = Banco.swift; sourceTree = "<group>"; };
		C17056921CC16FF80050C7E6 /* Cuotas.swift */ = {isa = PBXFileReference; fileEncoding = 4; lastKnownFileType = sourcecode.swift; path = Cuotas.swift; sourceTree = "<group>"; };
		C1851D5C1CC4216E00FA686A /* CuotaModel.swift */ = {isa = PBXFileReference; fileEncoding = 4; lastKnownFileType = sourcecode.swift; path = CuotaModel.swift; sourceTree = "<group>"; };
		C1CE552D1CC1530100C2D1A2 /* MetodosDePago.swift */ = {isa = PBXFileReference; fileEncoding = 4; lastKnownFileType = sourcecode.swift; path = MetodosDePago.swift; sourceTree = "<group>"; };
		C1CE552F1CC153BF00C2D1A2 /* MetodosDePagoCell.swift */ = {isa = PBXFileReference; fileEncoding = 4; lastKnownFileType = sourcecode.swift; path = MetodosDePagoCell.swift; sourceTree = "<group>"; };
		C1DC21461CBFDE9800F16FC0 /* MercadoPago.app */ = {isa = PBXFileReference; explicitFileType = wrapper.application; includeInIndex = 0; path = MercadoPago.app; sourceTree = BUILT_PRODUCTS_DIR; };
		C1DC21491CBFDE9800F16FC0 /* AppDelegate.swift */ = {isa = PBXFileReference; lastKnownFileType = sourcecode.swift; path = AppDelegate.swift; sourceTree = "<group>"; };
		C1DC214B1CBFDE9800F16FC0 /* ViewController.swift */ = {isa = PBXFileReference; lastKnownFileType = sourcecode.swift; path = ViewController.swift; sourceTree = "<group>"; };
		C1DC214E1CBFDE9800F16FC0 /* Base */ = {isa = PBXFileReference; lastKnownFileType = file.storyboard; name = Base; path = Base.lproj/Main.storyboard; sourceTree = "<group>"; };
		C1DC21501CBFDE9800F16FC0 /* Assets.xcassets */ = {isa = PBXFileReference; lastKnownFileType = folder.assetcatalog; path = Assets.xcassets; sourceTree = "<group>"; };
		C1DC21531CBFDE9800F16FC0 /* Base */ = {isa = PBXFileReference; lastKnownFileType = file.storyboard; name = Base; path = Base.lproj/LaunchScreen.storyboard; sourceTree = "<group>"; };
		C1DC21551CBFDE9800F16FC0 /* Info.plist */ = {isa = PBXFileReference; lastKnownFileType = text.plist.xml; path = Info.plist; sourceTree = "<group>"; };
		C1DC215E1CBFE21D00F16FC0 /* MercadoPago-Bridging-Header.h */ = {isa = PBXFileReference; lastKnownFileType = sourcecode.c.h; path = "MercadoPago-Bridging-Header.h"; sourceTree = "<group>"; };
		C1DC215F1CBFE2F600F16FC0 /* LoadingAnimations.swift */ = {isa = PBXFileReference; fileEncoding = 4; lastKnownFileType = sourcecode.swift; path = LoadingAnimations.swift; sourceTree = "<group>"; };
		C1DC21651CBFEF6900F16FC0 /* OpenSans-CondLight.ttf */ = {isa = PBXFileReference; lastKnownFileType = file; name = "OpenSans-CondLight.ttf"; path = "../../../../Downloads/OpenSans-CondLight.ttf"; sourceTree = "<group>"; };
		C1DC21661CBFEF6900F16FC0 /* OpenSans-CondBold.ttf */ = {isa = PBXFileReference; lastKnownFileType = file; name = "OpenSans-CondBold.ttf"; path = "../../../../Downloads/OpenSans-CondBold.ttf"; sourceTree = "<group>"; };
		C1DC216A1CC00E3500F16FC0 /* AlertViews.swift */ = {isa = PBXFileReference; fileEncoding = 4; lastKnownFileType = sourcecode.swift; path = AlertViews.swift; sourceTree = "<group>"; };
		C1DC216E1CC011A900F16FC0 /* Connection.swift */ = {isa = PBXFileReference; fileEncoding = 4; lastKnownFileType = sourcecode.swift; path = Connection.swift; sourceTree = "<group>"; };
		C1DC21711CC0149D00F16FC0 /* apiEndpoints.swift */ = {isa = PBXFileReference; fileEncoding = 4; lastKnownFileType = sourcecode.swift; path = apiEndpoints.swift; sourceTree = "<group>"; };
		C1DC21741CC0262200F16FC0 /* PaymentMethod.swift */ = {isa = PBXFileReference; fileEncoding = 4; lastKnownFileType = sourcecode.swift; path = PaymentMethod.swift; sourceTree = "<group>"; };
		C1E6088C1CC5D3D5004B2201 /* MessageModel.swift */ = {isa = PBXFileReference; fileEncoding = 4; lastKnownFileType = sourcecode.swift; path = MessageModel.swift; sourceTree = "<group>"; };
		F1AF91B459E57159F6CCF969 /* Pods_MercadoPago.framework */ = {isa = PBXFileReference; explicitFileType = wrapper.framework; includeInIndex = 0; path = Pods_MercadoPago.framework; sourceTree = BUILT_PRODUCTS_DIR; };
/* End PBXFileReference section */

/* Begin PBXFrameworksBuildPhase section */
		C1DC21431CBFDE9800F16FC0 /* Frameworks */ = {
			isa = PBXFrameworksBuildPhase;
			buildActionMask = 2147483647;
			files = (
				A972F9538DA337E4D7855B26 /* Pods_MercadoPago.framework in Frameworks */,
			);
			runOnlyForDeploymentPostprocessing = 0;
		};
/* End PBXFrameworksBuildPhase section */

/* Begin PBXGroup section */
		3B132832AC17E3F5170B0B22 /* Pods */ = {
			isa = PBXGroup;
			children = (
				674EA8F521931007454E1E99 /* Pods-MercadoPago.debug.xcconfig */,
				24A3EBBE6BE61FBDCC421161 /* Pods-MercadoPago.release.xcconfig */,
			);
			name = Pods;
			sourceTree = "<group>";
		};
		5FCA895D079F583943FDA77D /* Frameworks */ = {
			isa = PBXGroup;
			children = (
				F1AF91B459E57159F6CCF969 /* Pods_MercadoPago.framework */,
			);
			name = Frameworks;
			sourceTree = "<group>";
		};
		C1CE55311CC153C300C2D1A2 /* Cell */ = {
			isa = PBXGroup;
			children = (
				C1CE552F1CC153BF00C2D1A2 /* MetodosDePagoCell.swift */,
			);
			name = Cell;
			sourceTree = "<group>";
		};
		C1DC213D1CBFDE9800F16FC0 = {
			isa = PBXGroup;
			children = (
				C1DC21481CBFDE9800F16FC0 /* MercadoPago */,
				C1DC21471CBFDE9800F16FC0 /* Products */,
				3B132832AC17E3F5170B0B22 /* Pods */,
				5FCA895D079F583943FDA77D /* Frameworks */,
			);
			sourceTree = "<group>";
		};
		C1DC21471CBFDE9800F16FC0 /* Products */ = {
			isa = PBXGroup;
			children = (
				C1DC21461CBFDE9800F16FC0 /* MercadoPago.app */,
			);
			name = Products;
			sourceTree = "<group>";
		};
		C1DC21481CBFDE9800F16FC0 /* MercadoPago */ = {
			isa = PBXGroup;
			children = (
				C1DC21491CBFDE9800F16FC0 /* AppDelegate.swift */,
				C1DC21701CC011AD00F16FC0 /* Networking */,
				C1DC215C1CBFE19000F16FC0 /* Model */,
				C1DC215B1CBFE18900F16FC0 /* View */,
				C1DC215D1CBFE19600F16FC0 /* Controller */,
				C1DC21611CBFE35B00F16FC0 /* Resources */,
				C1DC21641CBFE39400F16FC0 /* Supporting files */,
			);
			path = MercadoPago;
			sourceTree = "<group>";
		};
		C1DC215B1CBFE18900F16FC0 /* View */ = {
			isa = PBXGroup;
			children = (
				C1DC214D1CBFDE9800F16FC0 /* Main.storyboard */,
				C1DC21521CBFDE9800F16FC0 /* LaunchScreen.storyboard */,
			);
			name = View;
			sourceTree = "<group>";
		};
		C1DC215C1CBFE19000F16FC0 /* Model */ = {
			isa = PBXGroup;
			children = (
				C1DC21741CC0262200F16FC0 /* PaymentMethod.swift */,
				C17056901CC164F10050C7E6 /* Banco.swift */,
				C1851D5C1CC4216E00FA686A /* CuotaModel.swift */,
				C1E6088C1CC5D3D5004B2201 /* MessageModel.swift */,
			);
			name = Model;
			sourceTree = "<group>";
		};
		C1DC215D1CBFE19600F16FC0 /* Controller */ = {
			isa = PBXGroup;
			children = (
				C1CE55311CC153C300C2D1A2 /* Cell */,
				C1DC214B1CBFDE9800F16FC0 /* ViewController.swift */,
				C1CE552D1CC1530100C2D1A2 /* MetodosDePago.swift */,
				C170568E1CC163990050C7E6 /* Bancos.swift */,
				C17056921CC16FF80050C7E6 /* Cuotas.swift */,
			);
			name = Controller;
			sourceTree = "<group>";
		};
		C1DC21611CBFE35B00F16FC0 /* Resources */ = {
			isa = PBXGroup;
			children = (
				C1DC21731CC018F400F16FC0 /* Constants */,
				C1DC21691CBFF00B00F16FC0 /* Fonts */,
				C1DC21621CBFE36500F16FC0 /* Utils */,
			);
			name = Resources;
			sourceTree = "<group>";
		};
		C1DC21621CBFE36500F16FC0 /* Utils */ = {
			isa = PBXGroup;
			children = (
				C1DC215F1CBFE2F600F16FC0 /* LoadingAnimations.swift */,
				C1DC216A1CC00E3500F16FC0 /* AlertViews.swift */,
				C1075A541CC53F9D009D8253 /* NavItemTitle.swift */,
			);
			name = Utils;
			sourceTree = "<group>";
		};
		C1DC21641CBFE39400F16FC0 /* Supporting files */ = {
			isa = PBXGroup;
			children = (
				C1DC21501CBFDE9800F16FC0 /* Assets.xcassets */,
				C1DC21551CBFDE9800F16FC0 /* Info.plist */,
				C1DC215E1CBFE21D00F16FC0 /* MercadoPago-Bridging-Header.h */,
			);
			name = "Supporting files";
			sourceTree = "<group>";
		};
		C1DC21691CBFF00B00F16FC0 /* Fonts */ = {
			isa = PBXGroup;
			children = (
				C1DC21651CBFEF6900F16FC0 /* OpenSans-CondLight.ttf */,
				C1DC21661CBFEF6900F16FC0 /* OpenSans-CondBold.ttf */,
			);
			name = Fonts;
			sourceTree = "<group>";
		};
		C1DC21701CC011AD00F16FC0 /* Networking */ = {
			isa = PBXGroup;
			children = (
				C1DC216E1CC011A900F16FC0 /* Connection.swift */,
			);
			name = Networking;
			sourceTree = "<group>";
		};
		C1DC21731CC018F400F16FC0 /* Constants */ = {
			isa = PBXGroup;
			children = (
				C1DC21711CC0149D00F16FC0 /* apiEndpoints.swift */,
			);
			name = Constants;
			sourceTree = "<group>";
		};
/* End PBXGroup section */

/* Begin PBXNativeTarget section */
		C1DC21451CBFDE9800F16FC0 /* MercadoPago */ = {
			isa = PBXNativeTarget;
			buildConfigurationList = C1DC21581CBFDE9800F16FC0 /* Build configuration list for PBXNativeTarget "MercadoPago" */;
			buildPhases = (
				4E95EA0952D82B6C0E43EABB /* Check Pods Manifest.lock */,
				C1DC21421CBFDE9800F16FC0 /* Sources */,
				C1DC21431CBFDE9800F16FC0 /* Frameworks */,
				C1DC21441CBFDE9800F16FC0 /* Resources */,
				E03F8059DB9F5B9879E38313 /* Embed Pods Frameworks */,
				F66A91FEEA5DA3754E312F44 /* Copy Pods Resources */,
			);
			buildRules = (
			);
			dependencies = (
			);
			name = MercadoPago;
			productName = MercadoPago;
			productReference = C1DC21461CBFDE9800F16FC0 /* MercadoPago.app */;
			productType = "com.apple.product-type.application";
		};
/* End PBXNativeTarget section */

/* Begin PBXProject section */
		C1DC213E1CBFDE9800F16FC0 /* Project object */ = {
			isa = PBXProject;
			attributes = {
				LastSwiftUpdateCheck = 0730;
				LastUpgradeCheck = 0730;
				ORGANIZATIONNAME = seblerom;
				TargetAttributes = {
					C1DC21451CBFDE9800F16FC0 = {
						CreatedOnToolsVersion = 7.3;
					};
				};
			};
			buildConfigurationList = C1DC21411CBFDE9800F16FC0 /* Build configuration list for PBXProject "MercadoPago" */;
			compatibilityVersion = "Xcode 3.2";
			developmentRegion = English;
			hasScannedForEncodings = 0;
			knownRegions = (
				en,
				Base,
			);
			mainGroup = C1DC213D1CBFDE9800F16FC0;
			productRefGroup = C1DC21471CBFDE9800F16FC0 /* Products */;
			projectDirPath = "";
			projectRoot = "";
			targets = (
				C1DC21451CBFDE9800F16FC0 /* MercadoPago */,
			);
		};
/* End PBXProject section */

/* Begin PBXResourcesBuildPhase section */
		C1DC21441CBFDE9800F16FC0 /* Resources */ = {
			isa = PBXResourcesBuildPhase;
			buildActionMask = 2147483647;
			files = (
				C1DC21541CBFDE9800F16FC0 /* LaunchScreen.storyboard in Resources */,
				C1DC21511CBFDE9800F16FC0 /* Assets.xcassets in Resources */,
				C1DC21681CBFEF6900F16FC0 /* OpenSans-CondBold.ttf in Resources */,
				C1DC21671CBFEF6900F16FC0 /* OpenSans-CondLight.ttf in Resources */,
				C1DC214F1CBFDE9800F16FC0 /* Main.storyboard in Resources */,
			);
			runOnlyForDeploymentPostprocessing = 0;
		};
/* End PBXResourcesBuildPhase section */

/* Begin PBXShellScriptBuildPhase section */
		4E95EA0952D82B6C0E43EABB /* Check Pods Manifest.lock */ = {
			isa = PBXShellScriptBuildPhase;
			buildActionMask = 2147483647;
			files = (
			);
			inputPaths = (
			);
			name = "Check Pods Manifest.lock";
			outputPaths = (
			);
			runOnlyForDeploymentPostprocessing = 0;
			shellPath = /bin/sh;
			shellScript = "diff \"${PODS_ROOT}/../Podfile.lock\" \"${PODS_ROOT}/Manifest.lock\" > /dev/null\nif [[ $? != 0 ]] ; then\n    cat << EOM\nerror: The sandbox is not in sync with the Podfile.lock. Run 'pod install' or update your CocoaPods installation.\nEOM\n    exit 1\nfi\n";
			showEnvVarsInLog = 0;
		};
		E03F8059DB9F5B9879E38313 /* Embed Pods Frameworks */ = {
			isa = PBXShellScriptBuildPhase;
			buildActionMask = 2147483647;
			files = (
			);
			inputPaths = (
			);
			name = "Embed Pods Frameworks";
			outputPaths = (
			);
			runOnlyForDeploymentPostprocessing = 0;
			shellPath = /bin/sh;
			shellScript = "\"${SRCROOT}/Pods/Target Support Files/Pods-MercadoPago/Pods-MercadoPago-frameworks.sh\"\n";
			showEnvVarsInLog = 0;
		};
		F66A91FEEA5DA3754E312F44 /* Copy Pods Resources */ = {
			isa = PBXShellScriptBuildPhase;
			buildActionMask = 2147483647;
			files = (
			);
			inputPaths = (
			);
			name = "Copy Pods Resources";
			outputPaths = (
			);
			runOnlyForDeploymentPostprocessing = 0;
			shellPath = /bin/sh;
			shellScript = "\"${SRCROOT}/Pods/Target Support Files/Pods-MercadoPago/Pods-MercadoPago-resources.sh\"\n";
			showEnvVarsInLog = 0;
		};
/* End PBXShellScriptBuildPhase section */

/* Begin PBXSourcesBuildPhase section */
		C1DC21421CBFDE9800F16FC0 /* Sources */ = {
			isa = PBXSourcesBuildPhase;
			buildActionMask = 2147483647;
			files = (
				C1CE552E1CC1530100C2D1A2 /* MetodosDePago.swift in Sources */,
				C17056911CC164F10050C7E6 /* Banco.swift in Sources */,
				C17056931CC16FF80050C7E6 /* Cuotas.swift in Sources */,
				C1E6088D1CC5D3D5004B2201 /* MessageModel.swift in Sources */,
				C1CE55301CC153BF00C2D1A2 /* MetodosDePagoCell.swift in Sources */,
				C1DC21601CBFE2F600F16FC0 /* LoadingAnimations.swift in Sources */,
				C1DC216F1CC011A900F16FC0 /* Connection.swift in Sources */,
				C1851D5D1CC4216E00FA686A /* CuotaModel.swift in Sources */,
				C1DC216B1CC00E3500F16FC0 /* AlertViews.swift in Sources */,
				C170568F1CC163990050C7E6 /* Bancos.swift in Sources */,
				C1DC21721CC0149D00F16FC0 /* apiEndpoints.swift in Sources */,
				C1DC21751CC0262200F16FC0 /* PaymentMethod.swift in Sources */,
				C1DC214C1CBFDE9800F16FC0 /* ViewController.swift in Sources */,
				C1075A551CC53F9D009D8253 /* NavItemTitle.swift in Sources */,
				C1DC214A1CBFDE9800F16FC0 /* AppDelegate.swift in Sources */,
			);
			runOnlyForDeploymentPostprocessing = 0;
		};
/* End PBXSourcesBuildPhase section */

/* Begin PBXVariantGroup section */
		C1DC214D1CBFDE9800F16FC0 /* Main.storyboard */ = {
			isa = PBXVariantGroup;
			children = (
				C1DC214E1CBFDE9800F16FC0 /* Base */,
			);
			name = Main.storyboard;
			sourceTree = "<group>";
		};
		C1DC21521CBFDE9800F16FC0 /* LaunchScreen.storyboard */ = {
			isa = PBXVariantGroup;
			children = (
				C1DC21531CBFDE9800F16FC0 /* Base */,
			);
			name = LaunchScreen.storyboard;
			sourceTree = "<group>";
		};
/* End PBXVariantGroup section */

/* Begin XCBuildConfiguration section */
		C1DC21561CBFDE9800F16FC0 /* Debug */ = {
			isa = XCBuildConfiguration;
			buildSettings = {
				ALWAYS_SEARCH_USER_PATHS = NO;
				CLANG_ANALYZER_NONNULL = YES;
				CLANG_CXX_LANGUAGE_STANDARD = "gnu++0x";
				CLANG_CXX_LIBRARY = "libc++";
				CLANG_ENABLE_MODULES = YES;
				CLANG_ENABLE_OBJC_ARC = YES;
				CLANG_WARN_BOOL_CONVERSION = YES;
				CLANG_WARN_CONSTANT_CONVERSION = YES;
				CLANG_WARN_DIRECT_OBJC_ISA_USAGE = YES_ERROR;
				CLANG_WARN_EMPTY_BODY = YES;
				CLANG_WARN_ENUM_CONVERSION = YES;
				CLANG_WARN_INT_CONVERSION = YES;
				CLANG_WARN_OBJC_ROOT_CLASS = YES_ERROR;
				CLANG_WARN_UNREACHABLE_CODE = YES;
				CLANG_WARN__DUPLICATE_METHOD_MATCH = YES;
				"CODE_SIGN_IDENTITY[sdk=iphoneos*]" = "iPhone Developer";
				COPY_PHASE_STRIP = NO;
				DEBUG_INFORMATION_FORMAT = dwarf;
				ENABLE_STRICT_OBJC_MSGSEND = YES;
				ENABLE_TESTABILITY = YES;
				GCC_C_LANGUAGE_STANDARD = gnu99;
				GCC_DYNAMIC_NO_PIC = NO;
				GCC_NO_COMMON_BLOCKS = YES;
				GCC_OPTIMIZATION_LEVEL = 0;
				GCC_PREPROCESSOR_DEFINITIONS = (
					"DEBUG=1",
					"$(inherited)",
				);
				GCC_WARN_64_TO_32_BIT_CONVERSION = YES;
				GCC_WARN_ABOUT_RETURN_TYPE = YES_ERROR;
				GCC_WARN_UNDECLARED_SELECTOR = YES;
				GCC_WARN_UNINITIALIZED_AUTOS = YES_AGGRESSIVE;
				GCC_WARN_UNUSED_FUNCTION = YES;
				GCC_WARN_UNUSED_VARIABLE = YES;
				IPHONEOS_DEPLOYMENT_TARGET = 9.3;
				MTL_ENABLE_DEBUG_INFO = YES;
				ONLY_ACTIVE_ARCH = YES;
				SDKROOT = iphoneos;
				SWIFT_OPTIMIZATION_LEVEL = "-Onone";
				TARGETED_DEVICE_FAMILY = "1,2";
			};
			name = Debug;
		};
		C1DC21571CBFDE9800F16FC0 /* Release */ = {
			isa = XCBuildConfiguration;
			buildSettings = {
				ALWAYS_SEARCH_USER_PATHS = NO;
				CLANG_ANALYZER_NONNULL = YES;
				CLANG_CXX_LANGUAGE_STANDARD = "gnu++0x";
				CLANG_CXX_LIBRARY = "libc++";
				CLANG_ENABLE_MODULES = YES;
				CLANG_ENABLE_OBJC_ARC = YES;
				CLANG_WARN_BOOL_CONVERSION = YES;
				CLANG_WARN_CONSTANT_CONVERSION = YES;
				CLANG_WARN_DIRECT_OBJC_ISA_USAGE = YES_ERROR;
				CLANG_WARN_EMPTY_BODY = YES;
				CLANG_WARN_ENUM_CONVERSION = YES;
				CLANG_WARN_INT_CONVERSION = YES;
				CLANG_WARN_OBJC_ROOT_CLASS = YES_ERROR;
				CLANG_WARN_UNREACHABLE_CODE = YES;
				CLANG_WARN__DUPLICATE_METHOD_MATCH = YES;
				"CODE_SIGN_IDENTITY[sdk=iphoneos*]" = "iPhone Developer";
				COPY_PHASE_STRIP = NO;
				DEBUG_INFORMATION_FORMAT = "dwarf-with-dsym";
				ENABLE_NS_ASSERTIONS = NO;
				ENABLE_STRICT_OBJC_MSGSEND = YES;
				GCC_C_LANGUAGE_STANDARD = gnu99;
				GCC_NO_COMMON_BLOCKS = YES;
				GCC_WARN_64_TO_32_BIT_CONVERSION = YES;
				GCC_WARN_ABOUT_RETURN_TYPE = YES_ERROR;
				GCC_WARN_UNDECLARED_SELECTOR = YES;
				GCC_WARN_UNINITIALIZED_AUTOS = YES_AGGRESSIVE;
				GCC_WARN_UNUSED_FUNCTION = YES;
				GCC_WARN_UNUSED_VARIABLE = YES;
				IPHONEOS_DEPLOYMENT_TARGET = 9.3;
				MTL_ENABLE_DEBUG_INFO = NO;
				SDKROOT = iphoneos;
				TARGETED_DEVICE_FAMILY = "1,2";
				VALIDATE_PRODUCT = YES;
			};
			name = Release;
		};
		C1DC21591CBFDE9800F16FC0 /* Debug */ = {
			isa = XCBuildConfiguration;
			baseConfigurationReference = 674EA8F521931007454E1E99 /* Pods-MercadoPago.debug.xcconfig */;
			buildSettings = {
				ASSETCATALOG_COMPILER_APPICON_NAME = AppIcon;
				INFOPLIST_FILE = MercadoPago/Info.plist;
				LD_RUNPATH_SEARCH_PATHS = "$(inherited) @executable_path/Frameworks";
				PRODUCT_BUNDLE_IDENTIFIER = ar.com.seblerom.MercadoPago;
				PRODUCT_NAME = "$(TARGET_NAME)";
				SWIFT_OBJC_BRIDGING_HEADER = "MercadoPago/MercadoPago-Bridging-Header.h";
			};
			name = Debug;
		};
		C1DC215A1CBFDE9800F16FC0 /* Release */ = {
			isa = XCBuildConfiguration;
			baseConfigurationReference = 24A3EBBE6BE61FBDCC421161 /* Pods-MercadoPago.release.xcconfig */;
			buildSettings = {
				ASSETCATALOG_COMPILER_APPICON_NAME = AppIcon;
				INFOPLIST_FILE = MercadoPago/Info.plist;
				LD_RUNPATH_SEARCH_PATHS = "$(inherited) @executable_path/Frameworks";
				PRODUCT_BUNDLE_IDENTIFIER = ar.com.seblerom.MercadoPago;
				PRODUCT_NAME = "$(TARGET_NAME)";
				SWIFT_OBJC_BRIDGING_HEADER = "MercadoPago/MercadoPago-Bridging-Header.h";
			};
			name = Release;
		};
/* End XCBuildConfiguration section */

/* Begin XCConfigurationList section */
		C1DC21411CBFDE9800F16FC0 /* Build configuration list for PBXProject "MercadoPago" */ = {
			isa = XCConfigurationList;
			buildConfigurations = (
				C1DC21561CBFDE9800F16FC0 /* Debug */,
				C1DC21571CBFDE9800F16FC0 /* Release */,
			);
			defaultConfigurationIsVisible = 0;
			defaultConfigurationName = Release;
		};
		C1DC21581CBFDE9800F16FC0 /* Build configuration list for PBXNativeTarget "MercadoPago" */ = {
			isa = XCConfigurationList;
			buildConfigurations = (
				C1DC21591CBFDE9800F16FC0 /* Debug */,
				C1DC215A1CBFDE9800F16FC0 /* Release */,
			);
			defaultConfigurationIsVisible = 0;
			defaultConfigurationName = Release;
		};
/* End XCConfigurationList section */
	};
	rootObject = C1DC213E1CBFDE9800F16FC0 /* Project object */;
}
